
Microsoft Visual Studio Solution File, Format Version 12.00
# Visual Studio Version 17
VisualStudioVersion = 17.9.34701.34
MinimumVisualStudioVersion = 10.0.40219.1
Project("{9A19103F-16F7-4668-BE54-9A1E7A4F7556}") = "MarrowCauldron", "MarrowCauldron.csproj", "{EA20BA10-9731-4F33-A8D0-D816662568AD}"
EndProject
Global
	GlobalSection(SolutionConfigurationPlatforms) = preSolution
		Debug|Any CPU = Debug|Any CPU
		Release|Any CPU = Release|Any CPU
	EndGlobalSection
	GlobalSection(ProjectConfigurationPlatforms) = postSolution
		{EA20BA10-9731-4F33-A8D0-D816662568AD}.Debug|Any CPU.ActiveCfg = Debug|Any CPU
		{EA20BA10-9731-4F33-A8D0-D816662568AD}.Debug|Any CPU.Build.0 = Debug|Any CPU
		{EA20BA10-9731-4F33-A8D0-D816662568AD}.Release|Any CPU.ActiveCfg = Release|Any CPU
		{EA20BA10-9731-4F33-A8D0-D816662568AD}.Release|Any CPU.Build.0 = Release|Any CPU
	EndGlobalSection
	GlobalSection(SolutionProperties) = preSolution
		HideSolutionNode = FALSE
	EndGlobalSection
	GlobalSection(ExtensibilityGlobals) = postSolution
		SolutionGuid = {A02AE770-C19E-4148-A9DF-890DD452CE3E}
	EndGlobalSection
EndGlobal
